
Microsoft Visual Studio Solution File, Format Version 12.00
# Visual Studio Version 16
VisualStudioVersion = 16.0.29709.97
MinimumVisualStudioVersion = 10.0.40219.1
Project("{8BC9CEB8-8B4A-11D0-8D11-00A0C91BC942}") = "EjercicioListaContigua2", "EjercicioListaContigua2.vcxproj", "{CDDBBEA3-FE13-45EB-B5E1-F0BBCB3AACEA}"
EndProject
Global
	GlobalSection(SolutionConfigurationPlatforms) = preSolution
		Debug|x64 = Debug|x64
		Debug|x86 = Debug|x86
		Release|x64 = Release|x64
		Release|x86 = Release|x86
	EndGlobalSection
	GlobalSection(ProjectConfigurationPlatforms) = postSolution
		{CDDBBEA3-FE13-45EB-B5E1-F0BBCB3AACEA}.Debug|x64.ActiveCfg = Debug|x64
		{CDDBBEA3-FE13-45EB-B5E1-F0BBCB3AACEA}.Debug|x64.Build.0 = Debug|x64
		{CDDBBEA3-FE13-45EB-B5E1-F0BBCB3AACEA}.Debug|x86.ActiveCfg = Debug|Win32
		{CDDBBEA3-FE13-45EB-B5E1-F0BBCB3AACEA}.Debug|x86.Build.0 = Debug|Win32
		{CDDBBEA3-FE13-45EB-B5E1-F0BBCB3AACEA}.Release|x64.ActiveCfg = Release|x64
		{CDDBBEA3-FE13-45EB-B5E1-F0BBCB3AACEA}.Release|x64.Build.0 = Release|x64
		{CDDBBEA3-FE13-45EB-B5E1-F0BBCB3AACEA}.Release|x86.ActiveCfg = Release|Win32
		{CDDBBEA3-FE13-45EB-B5E1-F0BBCB3AACEA}.Release|x86.Build.0 = Release|Win32
	EndGlobalSection
	GlobalSection(SolutionProperties) = preSolution
		HideSolutionNode = FALSE
	EndGlobalSection
	GlobalSection(ExtensibilityGlobals) = postSolution
		SolutionGuid = {41592A87-555A-43AF-8741-B33B2629BB77}
	EndGlobalSection
EndGlobal
