
Microsoft Visual Studio Solution File, Format Version 12.00
# Visual Studio Version 16
VisualStudioVersion = 16.0.29728.190
MinimumVisualStudioVersion = 10.0.40219.1
Project("{8BC9CEB8-8B4A-11D0-8D11-00A0C91BC942}") = "EjercicioMonticulo2", "EjercicioMonticulo2.vcxproj", "{F98800F4-0D55-4459-B57E-C41C8EBBFFA9}"
EndProject
Global
	GlobalSection(SolutionConfigurationPlatforms) = preSolution
		Debug|x64 = Debug|x64
		Debug|x86 = Debug|x86
		Release|x64 = Release|x64
		Release|x86 = Release|x86
	EndGlobalSection
	GlobalSection(ProjectConfigurationPlatforms) = postSolution
		{F98800F4-0D55-4459-B57E-C41C8EBBFFA9}.Debug|x64.ActiveCfg = Debug|x64
		{F98800F4-0D55-4459-B57E-C41C8EBBFFA9}.Debug|x64.Build.0 = Debug|x64
		{F98800F4-0D55-4459-B57E-C41C8EBBFFA9}.Debug|x86.ActiveCfg = Debug|Win32
		{F98800F4-0D55-4459-B57E-C41C8EBBFFA9}.Debug|x86.Build.0 = Debug|Win32
		{F98800F4-0D55-4459-B57E-C41C8EBBFFA9}.Release|x64.ActiveCfg = Release|x64
		{F98800F4-0D55-4459-B57E-C41C8EBBFFA9}.Release|x64.Build.0 = Release|x64
		{F98800F4-0D55-4459-B57E-C41C8EBBFFA9}.Release|x86.ActiveCfg = Release|Win32
		{F98800F4-0D55-4459-B57E-C41C8EBBFFA9}.Release|x86.Build.0 = Release|Win32
	EndGlobalSection
	GlobalSection(SolutionProperties) = preSolution
		HideSolutionNode = FALSE
	EndGlobalSection
	GlobalSection(ExtensibilityGlobals) = postSolution
		SolutionGuid = {57571367-FA2D-43D6-8DFA-69DD8731036D}
	EndGlobalSection
EndGlobal
